<?xml version="1.0" encoding="UTF-8" standalone="yes" ?>
<CodeBlocks_project_file>
	<FileVersion major="1" minor="6" />
	<Project>
		<Option title="DrawingRenderer" />
		<Option pch_mode="2" />
		<Option compiler="gcc" />
		<Build>
			<Target title="Debug">
				<Option output="bin/Debug/Drawing Renderer" prefix_auto="1" extension_auto="1" />
				<Option object_output="obj/Debug/" />
				<Option type="1" />
				<Option compiler="gcc" />
				<Compiler>
					<Add option="-g" />
					<Add directory="C:/DevelopmentResources/SDL2/include" />
					<Add directory="C:/SDL2/include" />
				</Compiler>
				<Linker>
					<Add option="-lSDL2" />
					<Add option="-lSDL2main" />
					<Add option="-lmingw32" />
					<Add directory="C:/DevelopmentResources/SDL2/lib" />
					<Add directory="C:/SDL2/lib" />
				</Linker>
			</Target>
			<Target title="Release">
				<Option output="bin/Release/Drawing Renderer" prefix_auto="1" extension_auto="1" />
				<Option object_output="obj/Release/" />
				<Option type="1" />
				<Option compiler="gcc" />
				<Compiler>
					<Add option="-O2" />
				</Compiler>
				<Linker>
					<Add option="-s" />
				</Linker>
			</Target>
		</Build>
		<Compiler>
			<Add option="-Wall" />
			<Add option="-fexceptions" />
		</Compiler>
		<Unit filename="headers/App.h" />
		<Unit filename="headers/Primitives.h" />
		<Unit filename="headers/Shape.h" />
		<Unit filename="headers/Utils.h" />
		<Unit filename="sources/App.cpp" />
		<Unit filename="sources/Main.cpp" />
		<Unit filename="sources/Primitives.cpp" />
		<Unit filename="sources/Shape.cpp" />
		<Unit filename="sources/Utils.cpp" />
		<Extensions>
			<DoxyBlocks>
				<comment_style block="0" line="0" />
				<doxyfile_project />
				<doxyfile_build extract_all="1" extract_private="1" extract_static="1" />
				<doxyfile_warnings />
				<doxyfile_output />
				<doxyfile_dot />
				<general />
			</DoxyBlocks>
			<lib_finder disable_auto="1" />
		</Extensions>
	</Project>
</CodeBlocks_project_file>
